
Microsoft Visual Studio Solution File, Format Version 12.00
# Visual Studio Version 17
VisualStudioVersion = 17.2.32526.322
MinimumVisualStudioVersion = 10.0.40219.1
Project("{FAE04EC0-301F-11D3-BF4B-00C04F79EFBC}") = "BookMarked.WebMVC", "BookMarked.WebMVC\BookMarked.WebMVC.csproj", "{7E719511-9617-40E7-BA50-59652AC7B9F2}"
EndProject
Project("{FAE04EC0-301F-11D3-BF4B-00C04F79EFBC}") = "BookMarked.Data", "BookMarked.Data\BookMarked.Data.csproj", "{7B64948C-6A8D-4D37-83E5-3469E0995AE9}"
EndProject
Project("{FAE04EC0-301F-11D3-BF4B-00C04F79EFBC}") = "BookMarked.Models", "BookMarked.Models\BookMarked.Models.csproj", "{F26C562D-EC44-44E9-83D9-AAE9077F93B3}"
EndProject
Project("{FAE04EC0-301F-11D3-BF4B-00C04F79EFBC}") = "BookMarked.Services", "BookMarked.Services\BookMarked.Services.csproj", "{23EC0C18-2E8C-4AA1-ABAF-6A56AB070C6F}"
EndProject
Project("{FAE04EC0-301F-11D3-BF4B-00C04F79EFBC}") = "BookMarked.Contracts", "BookMarked.Contracts\BookMarked.Contracts.csproj", "{2BA84005-079E-4089-BA38-A6EC0E848B6F}"
EndProject
Project("{FAE04EC0-301F-11D3-BF4B-00C04F79EFBC}") = "BookMarked.Tests", "BookMarked.Tests\BookMarked.Tests.csproj", "{EFDDC89B-F621-4461-9525-38B319D44B19}"
EndProject
Global
	GlobalSection(SolutionConfigurationPlatforms) = preSolution
		Debug|Any CPU = Debug|Any CPU
		Release|Any CPU = Release|Any CPU
	EndGlobalSection
	GlobalSection(ProjectConfigurationPlatforms) = postSolution
		{7E719511-9617-40E7-BA50-59652AC7B9F2}.Debug|Any CPU.ActiveCfg = Debug|Any CPU
		{7E719511-9617-40E7-BA50-59652AC7B9F2}.Debug|Any CPU.Build.0 = Debug|Any CPU
		{7E719511-9617-40E7-BA50-59652AC7B9F2}.Release|Any CPU.ActiveCfg = Release|Any CPU
		{7E719511-9617-40E7-BA50-59652AC7B9F2}.Release|Any CPU.Build.0 = Release|Any CPU
		{7B64948C-6A8D-4D37-83E5-3469E0995AE9}.Debug|Any CPU.ActiveCfg = Debug|Any CPU
		{7B64948C-6A8D-4D37-83E5-3469E0995AE9}.Debug|Any CPU.Build.0 = Debug|Any CPU
		{7B64948C-6A8D-4D37-83E5-3469E0995AE9}.Release|Any CPU.ActiveCfg = Release|Any CPU
		{7B64948C-6A8D-4D37-83E5-3469E0995AE9}.Release|Any CPU.Build.0 = Release|Any CPU
		{F26C562D-EC44-44E9-83D9-AAE9077F93B3}.Debug|Any CPU.ActiveCfg = Debug|Any CPU
		{F26C562D-EC44-44E9-83D9-AAE9077F93B3}.Debug|Any CPU.Build.0 = Debug|Any CPU
		{F26C562D-EC44-44E9-83D9-AAE9077F93B3}.Release|Any CPU.ActiveCfg = Release|Any CPU
		{F26C562D-EC44-44E9-83D9-AAE9077F93B3}.Release|Any CPU.Build.0 = Release|Any CPU
		{23EC0C18-2E8C-4AA1-ABAF-6A56AB070C6F}.Debug|Any CPU.ActiveCfg = Debug|Any CPU
		{23EC0C18-2E8C-4AA1-ABAF-6A56AB070C6F}.Debug|Any CPU.Build.0 = Debug|Any CPU
		{23EC0C18-2E8C-4AA1-ABAF-6A56AB070C6F}.Release|Any CPU.ActiveCfg = Release|Any CPU
		{23EC0C18-2E8C-4AA1-ABAF-6A56AB070C6F}.Release|Any CPU.Build.0 = Release|Any CPU
		{2BA84005-079E-4089-BA38-A6EC0E848B6F}.Debug|Any CPU.ActiveCfg = Debug|Any CPU
		{2BA84005-079E-4089-BA38-A6EC0E848B6F}.Debug|Any CPU.Build.0 = Debug|Any CPU
		{2BA84005-079E-4089-BA38-A6EC0E848B6F}.Release|Any CPU.ActiveCfg = Release|Any CPU
		{2BA84005-079E-4089-BA38-A6EC0E848B6F}.Release|Any CPU.Build.0 = Release|Any CPU
		{EFDDC89B-F621-4461-9525-38B319D44B19}.Debug|Any CPU.ActiveCfg = Debug|Any CPU
		{EFDDC89B-F621-4461-9525-38B319D44B19}.Debug|Any CPU.Build.0 = Debug|Any CPU
		{EFDDC89B-F621-4461-9525-38B319D44B19}.Release|Any CPU.ActiveCfg = Release|Any CPU
		{EFDDC89B-F621-4461-9525-38B319D44B19}.Release|Any CPU.Build.0 = Release|Any CPU
	EndGlobalSection
	GlobalSection(SolutionProperties) = preSolution
		HideSolutionNode = FALSE
	EndGlobalSection
	GlobalSection(ExtensibilityGlobals) = postSolution
		SolutionGuid = {B9A1CCC6-5A83-4BC4-ACD5-125E54FA94F3}
	EndGlobalSection
EndGlobal
